<?xml version="1.0" encoding="utf-8"?>
<Project ToolsVersion="4.0" xmlns="http://schemas.microsoft.com/developer/msbuild/2003">
  <ItemGroup>
    <Filter Include="Source Files">
      <UniqueIdentifier>{4FC737F1-C7A5-4376-A066-2A32D752A2FF}</UniqueIdentifier>
      <Extensions>cpp;c;cc;cxx;def;odl;idl;hpj;bat;asm;asmx</Extensions>
    </Filter>
    <Filter Include="Header Files">
      <UniqueIdentifier>{93995380-89BD-4b04-88EB-625FBE52EBFB}</UniqueIdentifier>
      <Extensions>h;hh;hpp;hxx;hm;inl;inc;ipp;xsd</Extensions>
    </Filter>
    <Filter Include="Resource Files">
      <UniqueIdentifier>{67DA6AB6-F800-4c08-8B7A-83BB121AAD01}</UniqueIdentifier>
      <Extensions>rc;ico;cur;bmp;dlg;rc2;rct;bin;rgs;gif;jpg;jpeg;jpe;resx;tiff;tif;png;wav;mfcribbon-ms</Extensions>
    </Filter>
  </ItemGroup>
  <ItemGroup>
    <ClInclude Include="pch.h">
      <Filter>Header Files</Filter>
    </ClInclude>
    <ClInclude Include="BattleSubwayFilter.hpp">
      <Filter>Source Files</Filter>
    </ClInclude>
    <ClInclude Include="BattleSubwayGenerator.hpp">
      <Filter>Source Files</Filter>
    </ClInclude>
    <ClInclude Include="BattleSubwaySearcher.hpp">
      <Filter>Source Files</Filter>
    </ClInclude>
    <ClInclude Include="BattleSubwayState.hpp">
      <Filter>Source Files</Filter>
    </ClInclude>
    <ClInclude Include="Buttons.hpp">
      <Filter>Source Files</Filter>
    </ClInclude>
    <ClInclude Include="DateTime.hpp">
      <Filter>Source Files</Filter>
    </ClInclude>
    <ClInclude Include="DSType.hpp">
      <Filter>Source Files</Filter>
    </ClInclude>
    <ClInclude Include="Game.hpp">
      <Filter>Source Files</Filter>
    </ClInclude>
    <ClInclude Include="Language.hpp">
      <Filter>Source Files</Filter>
    </ClInclude>
    <ClInclude Include="LCRNG64.hpp">
      <Filter>Source Files</Filter>
    </ClInclude>
    <ClInclude Include="Profile5.hpp">
      <Filter>Source Files</Filter>
    </ClInclude>
    <ClInclude Include="SHA1.hpp">
      <Filter>Source Files</Filter>
    </ClInclude>
    <ClInclude Include="Utilities.hpp">
      <Filter>Source Files</Filter>
    </ClInclude>
    <ClInclude Include="Global.hpp">
      <Filter>Source Files</Filter>
    </ClInclude>
    <ClInclude Include="json.hpp">
      <Filter>Source Files</Filter>
    </ClInclude>
    <ClInclude Include="Profile.hpp">
      <Filter>Source Files</Filter>
    </ClInclude>
    <ClInclude Include="Nazos.hpp">
      <Filter>Source Files</Filter>
    </ClInclude>
    <ClInclude Include="Keypresses.hpp">
      <Filter>Source Files</Filter>
    </ClInclude>
    <ClInclude Include="ProfileLoader.hpp">
      <Filter>Source Files</Filter>
    </ClInclude>
    <ClInclude Include="SubwayType.hpp">
      <Filter>Source Files</Filter>
    </ClInclude>
    <ClInclude Include="BattleSubwayData.hpp">
      <Filter>Source Files</Filter>
    </ClInclude>
    <ClInclude Include="Options.hpp">
      <Filter>Source Files</Filter>
    </ClInclude>
  </ItemGroup>
  <ItemGroup>
    <ClCompile Include="pch.cpp">
      <Filter>Source Files</Filter>
    </ClCompile>
    <ClCompile Include="PokeBw2Subway.cpp">
      <Filter>Source Files</Filter>
    </ClCompile>
    <ClCompile Include="BattleSubwayFilter.cpp">
      <Filter>Source Files</Filter>
    </ClCompile>
    <ClCompile Include="BattleSubwayGenerator.cpp">
      <Filter>Source Files</Filter>
    </ClCompile>
    <ClCompile Include="BattleSubwaySearcher.cpp">
      <Filter>Source Files</Filter>
    </ClCompile>
    <ClCompile Include="BattleSubwayState.cpp">
      <Filter>Source Files</Filter>
    </ClCompile>
    <ClCompile Include="DateTime.cpp">
      <Filter>Source Files</Filter>
    </ClCompile>
    <ClCompile Include="Profile5.cpp">
      <Filter>Source Files</Filter>
    </ClCompile>
    <ClCompile Include="SHA1.cpp">
      <Filter>Source Files</Filter>
    </ClCompile>
    <ClCompile Include="Utilities.cpp">
      <Filter>Source Files</Filter>
    </ClCompile>
    <ClCompile Include="Profile.cpp">
      <Filter>Source Files</Filter>
    </ClCompile>
    <ClCompile Include="Nazos.cpp">
      <Filter>Source Files</Filter>
    </ClCompile>
    <ClCompile Include="Keypresses.cpp">
      <Filter>Source Files</Filter>
    </ClCompile>
    <ClCompile Include="ProfileLoader.cpp">
      <Filter>Source Files</Filter>
    </ClCompile>
  </ItemGroup>
  <ItemGroup>
    <CopyFileToFolders Include="b2w2_playerPokemons.json">
      <Filter>Resource Files</Filter>
    </CopyFileToFolders>
    <CopyFileToFolders Include="b2w2_pokemons.json">
      <Filter>Resource Files</Filter>
    </CopyFileToFolders>
    <CopyFileToFolders Include="b2w2_trainers.json">
      <Filter>Resource Files</Filter>
    </CopyFileToFolders>
    <CopyFileToFolders Include="profile.json">
      <Filter>Resource Files</Filter>
    </CopyFileToFolders>
    <CopyFileToFolders Include="b2w2_displayRngFrames.lua">
      <Filter>Resource Files</Filter>
    </CopyFileToFolders>
  </ItemGroup>
</Project>